
Microsoft Visual Studio Solution File, Format Version 12.00
# Visual Studio Version 16
VisualStudioVersion = 16.0.32002.261
MinimumVisualStudioVersion = 10.0.40219.1
Project("{9A19103F-16F7-4668-BE54-9A1E7A4F7556}") = "Console", "Console.csproj", "{9C00E7E7-84A9-47C0-B2E8-D671F5E8A48B}"
EndProject
Global
	GlobalSection(SolutionConfigurationPlatforms) = preSolution
		Debug|Any CPU = Debug|Any CPU
		Release|Any CPU = Release|Any CPU
	EndGlobalSection
	GlobalSection(ProjectConfigurationPlatforms) = postSolution
		{9C00E7E7-84A9-47C0-B2E8-D671F5E8A48B}.Debug|Any CPU.ActiveCfg = Debug|Any CPU
		{9C00E7E7-84A9-47C0-B2E8-D671F5E8A48B}.Debug|Any CPU.Build.0 = Debug|Any CPU
		{9C00E7E7-84A9-47C0-B2E8-D671F5E8A48B}.Release|Any CPU.ActiveCfg = Release|Any CPU
		{9C00E7E7-84A9-47C0-B2E8-D671F5E8A48B}.Release|Any CPU.Build.0 = Release|Any CPU
	EndGlobalSection
	GlobalSection(SolutionProperties) = preSolution
		HideSolutionNode = FALSE
	EndGlobalSection
	GlobalSection(ExtensibilityGlobals) = postSolution
		SolutionGuid = {67337ED0-F77B-491E-B52F-54810DCB4F4A}
	EndGlobalSection
EndGlobal
